// !$*UTF8*$!
{
	archiveVersion = 1;
	classes = {
	};
	objectVersion = 50;
	objects = {

/* Begin PBXBuildFile section */
		CF65B71D2404079700E25DE8 /* AppDelegate.swift in Sources */ = {isa = PBXBuildFile; fileRef = CF65B71C2404079700E25DE8 /* AppDelegate.swift */; };
		CF65B71F2404079700E25DE8 /* SceneDelegate.swift in Sources */ = {isa = PBXBuildFile; fileRef = CF65B71E2404079700E25DE8 /* SceneDelegate.swift */; };
		CF65B7212404079700E25DE8 /* ViewController.swift in Sources */ = {isa = PBXBuildFile; fileRef = CF65B7202404079700E25DE8 /* ViewController.swift */; };
		CF65B7242404079700E25DE8 /* Main.storyboard in Resources */ = {isa = PBXBuildFile; fileRef = CF65B7222404079700E25DE8 /* Main.storyboard */; };
		CF65B7262404079A00E25DE8 /* Assets.xcassets in Resources */ = {isa = PBXBuildFile; fileRef = CF65B7252404079A00E25DE8 /* Assets.xcassets */; };
		CF65B7292404079A00E25DE8 /* LaunchScreen.storyboard in Resources */ = {isa = PBXBuildFile; fileRef = CF65B7272404079A00E25DE8 /* LaunchScreen.storyboard */; };
		CF65B731240428BB00E25DE8 /* ProductsListViewController.swift in Sources */ = {isa = PBXBuildFile; fileRef = CF65B730240428BB00E25DE8 /* ProductsListViewController.swift */; };
		CF65B7332404290100E25DE8 /* ProductCollectionViewCell.swift in Sources */ = {isa = PBXBuildFile; fileRef = CF65B7322404290100E25DE8 /* ProductCollectionViewCell.swift */; };
		CF65B7352404301500E25DE8 /* ProductDetailsViewController.swift in Sources */ = {isa = PBXBuildFile; fileRef = CF65B7342404301500E25DE8 /* ProductDetailsViewController.swift */; };
		CF65B7372404306F00E25DE8 /* PlatformsTableViewCell.swift in Sources */ = {isa = PBXBuildFile; fileRef = CF65B7362404306F00E25DE8 /* PlatformsTableViewCell.swift */; };
		CF65B73B2404367200E25DE8 /* RoundButton.swift in Sources */ = {isa = PBXBuildFile; fileRef = CF65B73A2404367200E25DE8 /* RoundButton.swift */; };
		CF65B73E24045D0A00E25DE8 /* APIClient.swift in Sources */ = {isa = PBXBuildFile; fileRef = CF65B73D24045D0A00E25DE8 /* APIClient.swift */; };
		CF65B74024045D6800E25DE8 /* Repository.swift in Sources */ = {isa = PBXBuildFile; fileRef = CF65B73F24045D6800E25DE8 /* Repository.swift */; };
		CF65B7432404612200E25DE8 /* ImageViewExtensions.swift in Sources */ = {isa = PBXBuildFile; fileRef = CF65B7422404612200E25DE8 /* ImageViewExtensions.swift */; };
/* End PBXBuildFile section */

/* Begin PBXFileReference section */
		CF65B7192404079700E25DE8 /* GameShop.app */ = {isa = PBXFileReference; explicitFileType = wrapper.application; includeInIndex = 0; path = GameShop.app; sourceTree = BUILT_PRODUCTS_DIR; };
		CF65B71C2404079700E25DE8 /* AppDelegate.swift */ = {isa = PBXFileReference; lastKnownFileType = sourcecode.swift; path = AppDelegate.swift; sourceTree = "<group>"; };
		CF65B71E2404079700E25DE8 /* SceneDelegate.swift */ = {isa = PBXFileReference; lastKnownFileType = sourcecode.swift; path = SceneDelegate.swift; sourceTree = "<group>"; };
		CF65B7202404079700E25DE8 /* ViewController.swift */ = {isa = PBXFileReference; lastKnownFileType = sourcecode.swift; path = ViewController.swift; sourceTree = "<group>"; };
		CF65B7232404079700E25DE8 /* Base */ = {isa = PBXFileReference; lastKnownFileType = file.storyboard; name = Base; path = Base.lproj/Main.storyboard; sourceTree = "<group>"; };
		CF65B7252404079A00E25DE8 /* Assets.xcassets */ = {isa = PBXFileReference; lastKnownFileType = folder.assetcatalog; path = Assets.xcassets; sourceTree = "<group>"; };
		CF65B7282404079A00E25DE8 /* Base */ = {isa = PBXFileReference; lastKnownFileType = file.storyboard; name = Base; path = Base.lproj/LaunchScreen.storyboard; sourceTree = "<group>"; };
		CF65B72A2404079A00E25DE8 /* Info.plist */ = {isa = PBXFileReference; lastKnownFileType = text.plist.xml; path = Info.plist; sourceTree = "<group>"; };
		CF65B730240428BB00E25DE8 /* ProductsListViewController.swift */ = {isa = PBXFileReference; lastKnownFileType = sourcecode.swift; path = ProductsListViewController.swift; sourceTree = "<group>"; };
		CF65B7322404290100E25DE8 /* ProductCollectionViewCell.swift */ = {isa = PBXFileReference; lastKnownFileType = sourcecode.swift; path = ProductCollectionViewCell.swift; sourceTree = "<group>"; };
		CF65B7342404301500E25DE8 /* ProductDetailsViewController.swift */ = {isa = PBXFileReference; lastKnownFileType = sourcecode.swift; path = ProductDetailsViewController.swift; sourceTree = "<group>"; };
		CF65B7362404306F00E25DE8 /* PlatformsTableViewCell.swift */ = {isa = PBXFileReference; lastKnownFileType = sourcecode.swift; path = PlatformsTableViewCell.swift; sourceTree = "<group>"; };
		CF65B73A2404367200E25DE8 /* RoundButton.swift */ = {isa = PBXFileReference; lastKnownFileType = sourcecode.swift; path = RoundButton.swift; sourceTree = "<group>"; };
		CF65B73D24045D0A00E25DE8 /* APIClient.swift */ = {isa = PBXFileReference; lastKnownFileType = sourcecode.swift; path = APIClient.swift; sourceTree = "<group>"; };
		CF65B73F24045D6800E25DE8 /* Repository.swift */ = {isa = PBXFileReference; lastKnownFileType = sourcecode.swift; path = Repository.swift; sourceTree = "<group>"; };
		CF65B7422404612200E25DE8 /* ImageViewExtensions.swift */ = {isa = PBXFileReference; lastKnownFileType = sourcecode.swift; path = ImageViewExtensions.swift; sourceTree = "<group>"; };
/* End PBXFileReference section */

/* Begin PBXFrameworksBuildPhase section */
		CF65B7162404079700E25DE8 /* Frameworks */ = {
			isa = PBXFrameworksBuildPhase;
			buildActionMask = 2147483647;
			files = (
			);
			runOnlyForDeploymentPostprocessing = 0;
		};
/* End PBXFrameworksBuildPhase section */

/* Begin PBXGroup section */
		CF65B7102404079700E25DE8 = {
			isa = PBXGroup;
			children = (
				CF65B71B2404079700E25DE8 /* GameShop */,
				CF65B71A2404079700E25DE8 /* Products */,
			);
			sourceTree = "<group>";
		};
		CF65B71A2404079700E25DE8 /* Products */ = {
			isa = PBXGroup;
			children = (
				CF65B7192404079700E25DE8 /* GameShop.app */,
			);
			name = Products;
			sourceTree = "<group>";
		};
		CF65B71B2404079700E25DE8 /* GameShop */ = {
			isa = PBXGroup;
			children = (
				CF65B71C2404079700E25DE8 /* AppDelegate.swift */,
				CF65B71E2404079700E25DE8 /* SceneDelegate.swift */,
				CF65B7412404611100E25DE8 /* Extensions */,
				CF65B73C24045CE200E25DE8 /* Model */,
				CF65B7392404361200E25DE8 /* Vıew */,
				CF65B738240435D900E25DE8 /* Controller */,
				CF65B7222404079700E25DE8 /* Main.storyboard */,
				CF65B73A2404367200E25DE8 /* RoundButton.swift */,
				CF65B7252404079A00E25DE8 /* Assets.xcassets */,
				CF65B7272404079A00E25DE8 /* LaunchScreen.storyboard */,
				CF65B72A2404079A00E25DE8 /* Info.plist */,
			);
			path = GameShop;
			sourceTree = "<group>";
		};
		CF65B738240435D900E25DE8 /* Controller */ = {
			isa = PBXGroup;
			children = (
				CF65B7202404079700E25DE8 /* ViewController.swift */,
				CF65B730240428BB00E25DE8 /* ProductsListViewController.swift */,
				CF65B7342404301500E25DE8 /* ProductDetailsViewController.swift */,
			);
			path = Controller;
			sourceTree = "<group>";
		};
		CF65B7392404361200E25DE8 /* Vıew */ = {
			isa = PBXGroup;
			children = (
				CF65B7322404290100E25DE8 /* ProductCollectionViewCell.swift */,
				CF65B7362404306F00E25DE8 /* PlatformsTableViewCell.swift */,
			);
			path = "Vıew";
			sourceTree = "<group>";
		};
		CF65B73C24045CE200E25DE8 /* Model */ = {
			isa = PBXGroup;
			children = (
				CF65B73D24045D0A00E25DE8 /* APIClient.swift */,
				CF65B73F24045D6800E25DE8 /* Repository.swift */,
			);
			path = Model;
			sourceTree = "<group>";
		};
		CF65B7412404611100E25DE8 /* Extensions */ = {
			isa = PBXGroup;
			children = (
				CF65B7422404612200E25DE8 /* ImageViewExtensions.swift */,
			);
			path = Extensions;
			sourceTree = "<group>";
		};
/* End PBXGroup section */

/* Begin PBXNativeTarget section */
		CF65B7182404079700E25DE8 /* GameShop */ = {
			isa = PBXNativeTarget;
			buildConfigurationList = CF65B72D2404079A00E25DE8 /* Build configuration list for PBXNativeTarget "GameShop" */;
			buildPhases = (
				CF65B7152404079700E25DE8 /* Sources */,
				CF65B7162404079700E25DE8 /* Frameworks */,
				CF65B7172404079700E25DE8 /* Resources */,
			);
			buildRules = (
			);
			dependencies = (
			);
			name = GameShop;
			productName = GameShop;
			productReference = CF65B7192404079700E25DE8 /* GameShop.app */;
			productType = "com.apple.product-type.application";
		};
/* End PBXNativeTarget section */

/* Begin PBXProject section */
		CF65B7112404079700E25DE8 /* Project object */ = {
			isa = PBXProject;
			attributes = {
				LastSwiftUpdateCheck = 1130;
				LastUpgradeCheck = 1130;
				ORGANIZATIONNAME = "Ahmet Mucahid BOZKURT";
				TargetAttributes = {
					CF65B7182404079700E25DE8 = {
						CreatedOnToolsVersion = 11.3.1;
					};
				};
			};
			buildConfigurationList = CF65B7142404079700E25DE8 /* Build configuration list for PBXProject "GameShop" */;
			compatibilityVersion = "Xcode 9.3";
			developmentRegion = en;
			hasScannedForEncodings = 0;
			knownRegions = (
				en,
				Base,
			);
			mainGroup = CF65B7102404079700E25DE8;
			productRefGroup = CF65B71A2404079700E25DE8 /* Products */;
			projectDirPath = "";
			projectRoot = "";
			targets = (
				CF65B7182404079700E25DE8 /* GameShop */,
			);
		};
/* End PBXProject section */

/* Begin PBXResourcesBuildPhase section */
		CF65B7172404079700E25DE8 /* Resources */ = {
			isa = PBXResourcesBuildPhase;
			buildActionMask = 2147483647;
			files = (
				CF65B7292404079A00E25DE8 /* LaunchScreen.storyboard in Resources */,
				CF65B7262404079A00E25DE8 /* Assets.xcassets in Resources */,
				CF65B7242404079700E25DE8 /* Main.storyboard in Resources */,
			);
			runOnlyForDeploymentPostprocessing = 0;
		};
/* End PBXResourcesBuildPhase section */

/* Begin PBXSourcesBuildPhase section */
		CF65B7152404079700E25DE8 /* Sources */ = {
			isa = PBXSourcesBuildPhase;
			buildActionMask = 2147483647;
			files = (
				CF65B73B2404367200E25DE8 /* RoundButton.swift in Sources */,
				CF65B7432404612200E25DE8 /* ImageViewExtensions.swift in Sources */,
				CF65B731240428BB00E25DE8 /* ProductsListViewController.swift in Sources */,
				CF65B7212404079700E25DE8 /* ViewController.swift in Sources */,
				CF65B7372404306F00E25DE8 /* PlatformsTableViewCell.swift in Sources */,
				CF65B7332404290100E25DE8 /* ProductCollectionViewCell.swift in Sources */,
				CF65B7352404301500E25DE8 /* ProductDetailsViewController.swift in Sources */,
				CF65B71D2404079700E25DE8 /* AppDelegate.swift in Sources */,
				CF65B74024045D6800E25DE8 /* Repository.swift in Sources */,
				CF65B71F2404079700E25DE8 /* SceneDelegate.swift in Sources */,
				CF65B73E24045D0A00E25DE8 /* APIClient.swift in Sources */,
			);
			runOnlyForDeploymentPostprocessing = 0;
		};
/* End PBXSourcesBuildPhase section */

/* Begin PBXVariantGroup section */
		CF65B7222404079700E25DE8 /* Main.storyboard */ = {
			isa = PBXVariantGroup;
			children = (
				CF65B7232404079700E25DE8 /* Base */,
			);
			name = Main.storyboard;
			sourceTree = "<group>";
		};
		CF65B7272404079A00E25DE8 /* LaunchScreen.storyboard */ = {
			isa = PBXVariantGroup;
			children = (
				CF65B7282404079A00E25DE8 /* Base */,
			);
			name = LaunchScreen.storyboard;
			sourceTree = "<group>";
		};
/* End PBXVariantGroup section */

/* Begin XCBuildConfiguration section */
		CF65B72B2404079A00E25DE8 /* Debug */ = {
			isa = XCBuildConfiguration;
			buildSettings = {
				ALWAYS_SEARCH_USER_PATHS = NO;
				CLANG_ANALYZER_NONNULL = YES;
				CLANG_ANALYZER_NUMBER_OBJECT_CONVERSION = YES_AGGRESSIVE;
				CLANG_CXX_LANGUAGE_STANDARD = "gnu++14";
				CLANG_CXX_LIBRARY = "libc++";
				CLANG_ENABLE_MODULES = YES;
				CLANG_ENABLE_OBJC_ARC = YES;
				CLANG_ENABLE_OBJC_WEAK = YES;
				CLANG_WARN_BLOCK_CAPTURE_AUTORELEASING = YES;
				CLANG_WARN_BOOL_CONVERSION = YES;
				CLANG_WARN_COMMA = YES;
				CLANG_WARN_CONSTANT_CONVERSION = YES;
				CLANG_WARN_DEPRECATED_OBJC_IMPLEMENTATIONS = YES;
				CLANG_WARN_DIRECT_OBJC_ISA_USAGE = YES_ERROR;
				CLANG_WARN_DOCUMENTATION_COMMENTS = YES;
				CLANG_WARN_EMPTY_BODY = YES;
				CLANG_WARN_ENUM_CONVERSION = YES;
				CLANG_WARN_INFINITE_RECURSION = YES;
				CLANG_WARN_INT_CONVERSION = YES;
				CLANG_WARN_NON_LITERAL_NULL_CONVERSION = YES;
				CLANG_WARN_OBJC_IMPLICIT_RETAIN_SELF = YES;
				CLANG_WARN_OBJC_LITERAL_CONVERSION = YES;
				CLANG_WARN_OBJC_ROOT_CLASS = YES_ERROR;
				CLANG_WARN_RANGE_LOOP_ANALYSIS = YES;
				CLANG_WARN_STRICT_PROTOTYPES = YES;
				CLANG_WARN_SUSPICIOUS_MOVE = YES;
				CLANG_WARN_UNGUARDED_AVAILABILITY = YES_AGGRESSIVE;
				CLANG_WARN_UNREACHABLE_CODE = YES;
				CLANG_WARN__DUPLICATE_METHOD_MATCH = YES;
				COPY_PHASE_STRIP = NO;
				DEBUG_INFORMATION_FORMAT = dwarf;
				ENABLE_STRICT_OBJC_MSGSEND = YES;
				ENABLE_TESTABILITY = YES;
				GCC_C_LANGUAGE_STANDARD = gnu11;
				GCC_DYNAMIC_NO_PIC = NO;
				GCC_NO_COMMON_BLOCKS = YES;
				GCC_OPTIMIZATION_LEVEL = 0;
				GCC_PREPROCESSOR_DEFINITIONS = (
					"DEBUG=1",
					"$(inherited)",
				);
				GCC_WARN_64_TO_32_BIT_CONVERSION = YES;
				GCC_WARN_ABOUT_RETURN_TYPE = YES_ERROR;
				GCC_WARN_UNDECLARED_SELECTOR = YES;
				GCC_WARN_UNINITIALIZED_AUTOS = YES_AGGRESSIVE;
				GCC_WARN_UNUSED_FUNCTION = YES;
				GCC_WARN_UNUSED_VARIABLE = YES;
				IPHONEOS_DEPLOYMENT_TARGET = 13.2;
				MTL_ENABLE_DEBUG_INFO = INCLUDE_SOURCE;
				MTL_FAST_MATH = YES;
				ONLY_ACTIVE_ARCH = YES;
				SDKROOT = iphoneos;
				SWIFT_ACTIVE_COMPILATION_CONDITIONS = DEBUG;
				SWIFT_OPTIMIZATION_LEVEL = "-Onone";
			};
			name = Debug;
		};
		CF65B72C2404079A00E25DE8 /* Release */ = {
			isa = XCBuildConfiguration;
			buildSettings = {
				ALWAYS_SEARCH_USER_PATHS = NO;
				CLANG_ANALYZER_NONNULL = YES;
				CLANG_ANALYZER_NUMBER_OBJECT_CONVERSION = YES_AGGRESSIVE;
				CLANG_CXX_LANGUAGE_STANDARD = "gnu++14";
				CLANG_CXX_LIBRARY = "libc++";
				CLANG_ENABLE_MODULES = YES;
				CLANG_ENABLE_OBJC_ARC = YES;
				CLANG_ENABLE_OBJC_WEAK = YES;
				CLANG_WARN_BLOCK_CAPTURE_AUTORELEASING = YES;
				CLANG_WARN_BOOL_CONVERSION = YES;
				CLANG_WARN_COMMA = YES;
				CLANG_WARN_CONSTANT_CONVERSION = YES;
				CLANG_WARN_DEPRECATED_OBJC_IMPLEMENTATIONS = YES;
				CLANG_WARN_DIRECT_OBJC_ISA_USAGE = YES_ERROR;
				CLANG_WARN_DOCUMENTATION_COMMENTS = YES;
				CLANG_WARN_EMPTY_BODY = YES;
				CLANG_WARN_ENUM_CONVERSION = YES;
				CLANG_WARN_INFINITE_RECURSION = YES;
				CLANG_WARN_INT_CONVERSION = YES;
				CLANG_WARN_NON_LITERAL_NULL_CONVERSION = YES;
				CLANG_WARN_OBJC_IMPLICIT_RETAIN_SELF = YES;
				CLANG_WARN_OBJC_LITERAL_CONVERSION = YES;
				CLANG_WARN_OBJC_ROOT_CLASS = YES_ERROR;
				CLANG_WARN_RANGE_LOOP_ANALYSIS = YES;
				CLANG_WARN_STRICT_PROTOTYPES = YES;
				CLANG_WARN_SUSPICIOUS_MOVE = YES;
				CLANG_WARN_UNGUARDED_AVAILABILITY = YES_AGGRESSIVE;
				CLANG_WARN_UNREACHABLE_CODE = YES;
				CLANG_WARN__DUPLICATE_METHOD_MATCH = YES;
				COPY_PHASE_STRIP = NO;
				DEBUG_INFORMATION_FORMAT = "dwarf-with-dsym";
				ENABLE_NS_ASSERTIONS = NO;
				ENABLE_STRICT_OBJC_MSGSEND = YES;
				GCC_C_LANGUAGE_STANDARD = gnu11;
				GCC_NO_COMMON_BLOCKS = YES;
				GCC_WARN_64_TO_32_BIT_CONVERSION = YES;
				GCC_WARN_ABOUT_RETURN_TYPE = YES_ERROR;
				GCC_WARN_UNDECLARED_SELECTOR = YES;
				GCC_WARN_UNINITIALIZED_AUTOS = YES_AGGRESSIVE;
				GCC_WARN_UNUSED_FUNCTION = YES;
				GCC_WARN_UNUSED_VARIABLE = YES;
				IPHONEOS_DEPLOYMENT_TARGET = 13.2;
				MTL_ENABLE_DEBUG_INFO = NO;
				MTL_FAST_MATH = YES;
				SDKROOT = iphoneos;
				SWIFT_COMPILATION_MODE = wholemodule;
				SWIFT_OPTIMIZATION_LEVEL = "-O";
				VALIDATE_PRODUCT = YES;
			};
			name = Release;
		};
		CF65B72E2404079A00E25DE8 /* Debug */ = {
			isa = XCBuildConfiguration;
			buildSettings = {
				ASSETCATALOG_COMPILER_APPICON_NAME = AppIcon;
				CODE_SIGN_STYLE = Automatic;
				DEVELOPMENT_TEAM = 484BFL3MV7;
				INFOPLIST_FILE = GameShop/Info.plist;
				LD_RUNPATH_SEARCH_PATHS = (
					"$(inherited)",
					"@executable_path/Frameworks",
				);
				PRODUCT_BUNDLE_IDENTIFIER = com.amucahidbozkurt.GameShop;
				PRODUCT_NAME = "$(TARGET_NAME)";
				SWIFT_VERSION = 5.0;
				TARGETED_DEVICE_FAMILY = "1,2";
			};
			name = Debug;
		};
		CF65B72F2404079A00E25DE8 /* Release */ = {
			isa = XCBuildConfiguration;
			buildSettings = {
				ASSETCATALOG_COMPILER_APPICON_NAME = AppIcon;
				CODE_SIGN_STYLE = Automatic;
				DEVELOPMENT_TEAM = 484BFL3MV7;
				INFOPLIST_FILE = GameShop/Info.plist;
				LD_RUNPATH_SEARCH_PATHS = (
					"$(inherited)",
					"@executable_path/Frameworks",
				);
				PRODUCT_BUNDLE_IDENTIFIER = com.amucahidbozkurt.GameShop;
				PRODUCT_NAME = "$(TARGET_NAME)";
				SWIFT_VERSION = 5.0;
				TARGETED_DEVICE_FAMILY = "1,2";
			};
			name = Release;
		};
/* End XCBuildConfiguration section */

/* Begin XCConfigurationList section */
		CF65B7142404079700E25DE8 /* Build configuration list for PBXProject "GameShop" */ = {
			isa = XCConfigurationList;
			buildConfigurations = (
				CF65B72B2404079A00E25DE8 /* Debug */,
				CF65B72C2404079A00E25DE8 /* Release */,
			);
			defaultConfigurationIsVisible = 0;
			defaultConfigurationName = Release;
		};
		CF65B72D2404079A00E25DE8 /* Build configuration list for PBXNativeTarget "GameShop" */ = {
			isa = XCConfigurationList;
			buildConfigurations = (
				CF65B72E2404079A00E25DE8 /* Debug */,
				CF65B72F2404079A00E25DE8 /* Release */,
			);
			defaultConfigurationIsVisible = 0;
			defaultConfigurationName = Release;
		};
/* End XCConfigurationList section */
	};
	rootObject = CF65B7112404079700E25DE8 /* Project object */;
}
